
Microsoft Visual Studio Solution File, Format Version 12.00
# Visual Studio Version 17
VisualStudioVersion = 17.8.34601.278
MinimumVisualStudioVersion = 10.0.40219.1
Project("{9A19103F-16F7-4668-BE54-9A1E7A4F7556}") = "Chijimu.UI", "Chijimu.UI\Chijimu.UI.csproj", "{A7227660-A017-49E4-A79E-5079E83C42D9}"
EndProject
Project("{9A19103F-16F7-4668-BE54-9A1E7A4F7556}") = "Chijimu.Data", "Chijimu.Data\Chijimu.Data.csproj", "{36431717-E76C-4B72-9374-04FDA42FCE48}"
EndProject
Project("{9A19103F-16F7-4668-BE54-9A1E7A4F7556}") = "Chijimu.API", "Chijimu.API\Chijimu.API.csproj", "{31D34844-E034-4DA5-B191-C90A632306FF}"
EndProject
Global
	GlobalSection(SolutionConfigurationPlatforms) = preSolution
		Debug|Any CPU = Debug|Any CPU
		Release|Any CPU = Release|Any CPU
	EndGlobalSection
	GlobalSection(ProjectConfigurationPlatforms) = postSolution
		{A7227660-A017-49E4-A79E-5079E83C42D9}.Debug|Any CPU.ActiveCfg = Debug|Any CPU
		{A7227660-A017-49E4-A79E-5079E83C42D9}.Debug|Any CPU.Build.0 = Debug|Any CPU
		{A7227660-A017-49E4-A79E-5079E83C42D9}.Release|Any CPU.ActiveCfg = Release|Any CPU
		{A7227660-A017-49E4-A79E-5079E83C42D9}.Release|Any CPU.Build.0 = Release|Any CPU
		{36431717-E76C-4B72-9374-04FDA42FCE48}.Debug|Any CPU.ActiveCfg = Debug|Any CPU
		{36431717-E76C-4B72-9374-04FDA42FCE48}.Debug|Any CPU.Build.0 = Debug|Any CPU
		{36431717-E76C-4B72-9374-04FDA42FCE48}.Release|Any CPU.ActiveCfg = Release|Any CPU
		{36431717-E76C-4B72-9374-04FDA42FCE48}.Release|Any CPU.Build.0 = Release|Any CPU
		{31D34844-E034-4DA5-B191-C90A632306FF}.Debug|Any CPU.ActiveCfg = Debug|Any CPU
		{31D34844-E034-4DA5-B191-C90A632306FF}.Debug|Any CPU.Build.0 = Debug|Any CPU
		{31D34844-E034-4DA5-B191-C90A632306FF}.Release|Any CPU.ActiveCfg = Release|Any CPU
		{31D34844-E034-4DA5-B191-C90A632306FF}.Release|Any CPU.Build.0 = Release|Any CPU
	EndGlobalSection
	GlobalSection(SolutionProperties) = preSolution
		HideSolutionNode = FALSE
	EndGlobalSection
	GlobalSection(ExtensibilityGlobals) = postSolution
		SolutionGuid = {BC2C631E-A55C-4F5A-966A-6EA677DEF47B}
	EndGlobalSection
EndGlobal
